// !$*UTF8*$!
{
	archiveVersion = 1;
	classes = {
	};
	objectVersion = 46;
	objects = {

/* Begin PBXBuildFile section */
		D56FD43F1AFF20EC00C23C5F /* Default-568h@2x.png in Resources */ = {isa = PBXBuildFile; fileRef = D56FD4291AFF20EC00C23C5F /* Default-568h@2x.png */; };
		D56FD4401AFF20EC00C23C5F /* Default-667h@2x.png in Resources */ = {isa = PBXBuildFile; fileRef = D56FD42A1AFF20EC00C23C5F /* Default-667h@2x.png */; };
		D56FD4411AFF20EC00C23C5F /* Default-736h@3x.png in Resources */ = {isa = PBXBuildFile; fileRef = D56FD42B1AFF20EC00C23C5F /* Default-736h@3x.png */; };
		D56FD4421AFF20EC00C23C5F /* misaki_gothic.ttf in Resources */ = {isa = PBXBuildFile; fileRef = D56FD42D1AFF20EC00C23C5F /* misaki_gothic.ttf */; };
		D56FD4431AFF20EC00C23C5F /* battlebg.png in Resources */ = {isa = PBXBuildFile; fileRef = D56FD42F1AFF20EC00C23C5F /* battlebg.png */; };
		D56FD4441AFF20EC00C23C5F /* bgimage.jpg in Resources */ = {isa = PBXBuildFile; fileRef = D56FD4301AFF20EC00C23C5F /* bgimage.jpg */; };
		D56FD4451AFF20EC00C23C5F /* falcon.png in Resources */ = {isa = PBXBuildFile; fileRef = D56FD4311AFF20EC00C23C5F /* falcon.png */; };
		D56FD4461AFF20EC00C23C5F /* gold_button.png in Resources */ = {isa = PBXBuildFile; fileRef = D56FD4321AFF20EC00C23C5F /* gold_button.png */; };
		D56FD4471AFF20EC00C23C5F /* lobby.png in Resources */ = {isa = PBXBuildFile; fileRef = D56FD4331AFF20EC00C23C5F /* lobby.png */; };
		D56FD4481AFF20EC00C23C5F /* waku.png in Resources */ = {isa = PBXBuildFile; fileRef = D56FD4341AFF20EC00C23C5F /* waku.png */; };
		D56FD4491AFF20EC00C23C5F /* Enemy.swift in Sources */ = {isa = PBXBuildFile; fileRef = D56FD4361AFF20EC00C23C5F /* Enemy.swift */; };
		D56FD44A1AFF20EC00C23C5F /* Player.swift in Sources */ = {isa = PBXBuildFile; fileRef = D56FD4371AFF20EC00C23C5F /* Player.swift */; };
		D56FD44B1AFF20EC00C23C5F /* TechDraUtility.swift in Sources */ = {isa = PBXBuildFile; fileRef = D56FD4381AFF20EC00C23C5F /* TechDraUtility.swift */; };
		D56FD44C1AFF20EC00C23C5F /* BGM_battle001.mp3 in Resources */ = {isa = PBXBuildFile; fileRef = D56FD43A1AFF20EC00C23C5F /* BGM_battle001.mp3 */; };
		D56FD44D1AFF20EC00C23C5F /* lobby.mp3 in Resources */ = {isa = PBXBuildFile; fileRef = D56FD43B1AFF20EC00C23C5F /* lobby.mp3 */; };
		D56FD44E1AFF20EC00C23C5F /* SE_attack.mp3 in Resources */ = {isa = PBXBuildFile; fileRef = D56FD43C1AFF20EC00C23C5F /* SE_attack.mp3 */; };
		D56FD44F1AFF20EC00C23C5F /* SE_fanfare.mp3 in Resources */ = {isa = PBXBuildFile; fileRef = D56FD43D1AFF20EC00C23C5F /* SE_fanfare.mp3 */; };
		D56FD4501AFF20EC00C23C5F /* SE_gameover.mp3 in Resources */ = {isa = PBXBuildFile; fileRef = D56FD43E1AFF20EC00C23C5F /* SE_gameover.mp3 */; };
		D56FD4521AFF3A8E00C23C5F /* masyumaro_p.png in Resources */ = {isa = PBXBuildFile; fileRef = D56FD4511AFF3A8E00C23C5F /* masyumaro_p.png */; };
		D56FD4541AFF3F2000C23C5F /* ぼたん.png in Resources */ = {isa = PBXBuildFile; fileRef = D56FD4531AFF3F2000C23C5F /* ぼたん.png */; };
		D56FD4581AFF440C00C23C5F /* tyairo.png in Resources */ = {isa = PBXBuildFile; fileRef = D56FD4571AFF440C00C23C5F /* tyairo.png */; };
		D56FD45A1AFF448400C23C5F /* haii.png in Resources */ = {isa = PBXBuildFile; fileRef = D56FD4591AFF448400C23C5F /* haii.png */; };
		D56FD45D1AFF487300C23C5F /* xl_pt_02250.jpg in Resources */ = {isa = PBXBuildFile; fileRef = D56FD45C1AFF487300C23C5F /* xl_pt_02250.jpg */; };
		D56FD45F1AFF4A3800C23C5F /* xl_pt_02251.jpg in Resources */ = {isa = PBXBuildFile; fileRef = D56FD45E1AFF4A3800C23C5F /* xl_pt_02251.jpg */; };
		D56FD4611AFF4B8D00C23C5F /* 14378220.jpeg in Resources */ = {isa = PBXBuildFile; fileRef = D56FD4601AFF4B8D00C23C5F /* 14378220.jpeg */; };
		D56FD4631AFF4D0100C23C5F /* kinoko.png in Resources */ = {isa = PBXBuildFile; fileRef = D56FD4621AFF4D0100C23C5F /* kinoko.png */; };
		D56FD4641AFF4DFE00C23C5F /* TanukiMagic.ttf in Resources */ = {isa = PBXBuildFile; fileRef = D56FD45B1AFF450B00C23C5F /* TanukiMagic.ttf */; };
		D56FD4661AFF4E5D00C23C5F /* AM3.mp3 in Resources */ = {isa = PBXBuildFile; fileRef = D56FD4651AFF4E5D00C23C5F /* AM3.mp3 */; };
		D5BD70651ADA834C008E4E8D /* AppDelegate.swift in Sources */ = {isa = PBXBuildFile; fileRef = D5BD70641ADA834C008E4E8D /* AppDelegate.swift */; };
		D5BD70671ADA834C008E4E8D /* ViewController.swift in Sources */ = {isa = PBXBuildFile; fileRef = D5BD70661ADA834C008E4E8D /* ViewController.swift */; };
		D5BD706A1ADA834C008E4E8D /* Main.storyboard in Resources */ = {isa = PBXBuildFile; fileRef = D5BD70681ADA834C008E4E8D /* Main.storyboard */; };
		D5BD706C1ADA834C008E4E8D /* Images.xcassets in Resources */ = {isa = PBXBuildFile; fileRef = D5BD706B1ADA834C008E4E8D /* Images.xcassets */; };
		D5BD706F1ADA834C008E4E8D /* LaunchScreen.xib in Resources */ = {isa = PBXBuildFile; fileRef = D5BD706D1ADA834C008E4E8D /* LaunchScreen.xib */; };
		D5BD707B1ADA834C008E4E8D /* TechMonsterTests.swift in Sources */ = {isa = PBXBuildFile; fileRef = D5BD707A1ADA834C008E4E8D /* TechMonsterTests.swift */; };
		D5C7D4D31AFEFB5B0037F8E4 /* LobbyViewController.swift in Sources */ = {isa = PBXBuildFile; fileRef = D5C7D4D21AFEFB5B0037F8E4 /* LobbyViewController.swift */; };
/* End PBXBuildFile section */

/* Begin PBXContainerItemProxy section */
		D5BD70751ADA834C008E4E8D /* PBXContainerItemProxy */ = {
			isa = PBXContainerItemProxy;
			containerPortal = D5BD70571ADA834B008E4E8D /* Project object */;
			proxyType = 1;
			remoteGlobalIDString = D5BD705E1ADA834C008E4E8D;
			remoteInfo = TechMonster;
		};
/* End PBXContainerItemProxy section */

/* Begin PBXFileReference section */
		D56FD4291AFF20EC00C23C5F /* Default-568h@2x.png */ = {isa = PBXFileReference; lastKnownFileType = image.png; path = "Default-568h@2x.png"; sourceTree = "<group>"; };
		D56FD42A1AFF20EC00C23C5F /* Default-667h@2x.png */ = {isa = PBXFileReference; lastKnownFileType = image.png; path = "Default-667h@2x.png"; sourceTree = "<group>"; };
		D56FD42B1AFF20EC00C23C5F /* Default-736h@3x.png */ = {isa = PBXFileReference; lastKnownFileType = image.png; path = "Default-736h@3x.png"; sourceTree = "<group>"; };
		D56FD42D1AFF20EC00C23C5F /* misaki_gothic.ttf */ = {isa = PBXFileReference; lastKnownFileType = file; path = misaki_gothic.ttf; sourceTree = "<group>"; };
		D56FD42F1AFF20EC00C23C5F /* battlebg.png */ = {isa = PBXFileReference; lastKnownFileType = image.png; path = battlebg.png; sourceTree = "<group>"; };
		D56FD4301AFF20EC00C23C5F /* bgimage.jpg */ = {isa = PBXFileReference; lastKnownFileType = image.jpeg; path = bgimage.jpg; sourceTree = "<group>"; };
		D56FD4311AFF20EC00C23C5F /* falcon.png */ = {isa = PBXFileReference; lastKnownFileType = image.png; path = falcon.png; sourceTree = "<group>"; };
		D56FD4321AFF20EC00C23C5F /* gold_button.png */ = {isa = PBXFileReference; lastKnownFileType = image.png; path = gold_button.png; sourceTree = "<group>"; };
		D56FD4331AFF20EC00C23C5F /* lobby.png */ = {isa = PBXFileReference; lastKnownFileType = image.png; path = lobby.png; sourceTree = "<group>"; };
		D56FD4341AFF20EC00C23C5F /* waku.png */ = {isa = PBXFileReference; lastKnownFileType = image.png; path = waku.png; sourceTree = "<group>"; };
		D56FD4361AFF20EC00C23C5F /* Enemy.swift */ = {isa = PBXFileReference; fileEncoding = 4; lastKnownFileType = sourcecode.swift; path = Enemy.swift; sourceTree = "<group>"; };
		D56FD4371AFF20EC00C23C5F /* Player.swift */ = {isa = PBXFileReference; fileEncoding = 4; lastKnownFileType = sourcecode.swift; path = Player.swift; sourceTree = "<group>"; };
		D56FD4381AFF20EC00C23C5F /* TechDraUtility.swift */ = {isa = PBXFileReference; fileEncoding = 4; lastKnownFileType = sourcecode.swift; path = TechDraUtility.swift; sourceTree = "<group>"; };
		D56FD43A1AFF20EC00C23C5F /* BGM_battle001.mp3 */ = {isa = PBXFileReference; lastKnownFileType = audio.mp3; path = BGM_battle001.mp3; sourceTree = "<group>"; };
		D56FD43B1AFF20EC00C23C5F /* lobby.mp3 */ = {isa = PBXFileReference; lastKnownFileType = audio.mp3; path = lobby.mp3; sourceTree = "<group>"; };
		D56FD43C1AFF20EC00C23C5F /* SE_attack.mp3 */ = {isa = PBXFileReference; lastKnownFileType = audio.mp3; path = SE_attack.mp3; sourceTree = "<group>"; };
		D56FD43D1AFF20EC00C23C5F /* SE_fanfare.mp3 */ = {isa = PBXFileReference; lastKnownFileType = audio.mp3; path = SE_fanfare.mp3; sourceTree = "<group>"; };
		D56FD43E1AFF20EC00C23C5F /* SE_gameover.mp3 */ = {isa = PBXFileReference; lastKnownFileType = audio.mp3; path = SE_gameover.mp3; sourceTree = "<group>"; };
		D56FD4511AFF3A8E00C23C5F /* masyumaro_p.png */ = {isa = PBXFileReference; lastKnownFileType = image.png; name = masyumaro_p.png; path = ../Fonts/masyumaro_p.png; sourceTree = "<group>"; };
		D56FD4531AFF3F2000C23C5F /* ぼたん.png */ = {isa = PBXFileReference; lastKnownFileType = image.png; path = "ぼたん.png"; sourceTree = "<group>"; };
		D56FD4571AFF440C00C23C5F /* tyairo.png */ = {isa = PBXFileReference; lastKnownFileType = image.png; path = tyairo.png; sourceTree = "<group>"; };
		D56FD4591AFF448400C23C5F /* haii.png */ = {isa = PBXFileReference; lastKnownFileType = image.png; path = haii.png; sourceTree = "<group>"; };
		D56FD45B1AFF450B00C23C5F /* TanukiMagic.ttf */ = {isa = PBXFileReference; lastKnownFileType = file; path = TanukiMagic.ttf; sourceTree = "<group>"; };
		D56FD45C1AFF487300C23C5F /* xl_pt_02250.jpg */ = {isa = PBXFileReference; lastKnownFileType = image.jpeg; path = xl_pt_02250.jpg; sourceTree = "<group>"; };
		D56FD45E1AFF4A3800C23C5F /* xl_pt_02251.jpg */ = {isa = PBXFileReference; lastKnownFileType = image.jpeg; path = xl_pt_02251.jpg; sourceTree = "<group>"; };
		D56FD4601AFF4B8D00C23C5F /* 14378220.jpeg */ = {isa = PBXFileReference; lastKnownFileType = image.jpeg; path = 14378220.jpeg; sourceTree = "<group>"; };
		D56FD4621AFF4D0100C23C5F /* kinoko.png */ = {isa = PBXFileReference; lastKnownFileType = image.png; path = kinoko.png; sourceTree = "<group>"; };
		D56FD4651AFF4E5D00C23C5F /* AM3.mp3 */ = {isa = PBXFileReference; lastKnownFileType = audio.mp3; path = AM3.mp3; sourceTree = "<group>"; };
		D5BD705F1ADA834C008E4E8D /* TechMonster.app */ = {isa = PBXFileReference; explicitFileType = wrapper.application; includeInIndex = 0; path = TechMonster.app; sourceTree = BUILT_PRODUCTS_DIR; };
		D5BD70631ADA834C008E4E8D /* Info.plist */ = {isa = PBXFileReference; lastKnownFileType = text.plist.xml; path = Info.plist; sourceTree = "<group>"; };
		D5BD70641ADA834C008E4E8D /* AppDelegate.swift */ = {isa = PBXFileReference; lastKnownFileType = sourcecode.swift; path = AppDelegate.swift; sourceTree = "<group>"; };
		D5BD70661ADA834C008E4E8D /* ViewController.swift */ = {isa = PBXFileReference; lastKnownFileType = sourcecode.swift; path = ViewController.swift; sourceTree = "<group>"; };
		D5BD70691ADA834C008E4E8D /* Base */ = {isa = PBXFileReference; lastKnownFileType = file.storyboard; name = Base; path = Base.lproj/Main.storyboard; sourceTree = "<group>"; };
		D5BD706B1ADA834C008E4E8D /* Images.xcassets */ = {isa = PBXFileReference; lastKnownFileType = folder.assetcatalog; path = Images.xcassets; sourceTree = "<group>"; };
		D5BD706E1ADA834C008E4E8D /* Base */ = {isa = PBXFileReference; lastKnownFileType = file.xib; name = Base; path = Base.lproj/LaunchScreen.xib; sourceTree = "<group>"; };
		D5BD70741ADA834C008E4E8D /* TechMonsterTests.xctest */ = {isa = PBXFileReference; explicitFileType = wrapper.cfbundle; includeInIndex = 0; path = TechMonsterTests.xctest; sourceTree = BUILT_PRODUCTS_DIR; };
		D5BD70791ADA834C008E4E8D /* Info.plist */ = {isa = PBXFileReference; lastKnownFileType = text.plist.xml; path = Info.plist; sourceTree = "<group>"; };
		D5BD707A1ADA834C008E4E8D /* TechMonsterTests.swift */ = {isa = PBXFileReference; lastKnownFileType = sourcecode.swift; path = TechMonsterTests.swift; sourceTree = "<group>"; };
		D5C7D4D21AFEFB5B0037F8E4 /* LobbyViewController.swift */ = {isa = PBXFileReference; fileEncoding = 4; lastKnownFileType = sourcecode.swift; name = LobbyViewController.swift; path = ../LobbyViewController.swift; sourceTree = "<group>"; };
/* End PBXFileReference section */

/* Begin PBXFrameworksBuildPhase section */
		D5BD705C1ADA834C008E4E8D /* Frameworks */ = {
			isa = PBXFrameworksBuildPhase;
			buildActionMask = 2147483647;
			files = (
			);
			runOnlyForDeploymentPostprocessing = 0;
		};
		D5BD70711ADA834C008E4E8D /* Frameworks */ = {
			isa = PBXFrameworksBuildPhase;
			buildActionMask = 2147483647;
			files = (
			);
			runOnlyForDeploymentPostprocessing = 0;
		};
/* End PBXFrameworksBuildPhase section */

/* Begin PBXGroup section */
		D56FD4271AFF20EC00C23C5F /* TechMon_Resources */ = {
			isa = PBXGroup;
			children = (
				D56FD4281AFF20EC00C23C5F /* Defaults */,
				D56FD42C1AFF20EC00C23C5F /* Fonts */,
				D56FD42E1AFF20EC00C23C5F /* Images */,
				D56FD4351AFF20EC00C23C5F /* Models */,
				D56FD4391AFF20EC00C23C5F /* Sounds */,
			);
			path = TechMon_Resources;
			sourceTree = "<group>";
		};
		D56FD4281AFF20EC00C23C5F /* Defaults */ = {
			isa = PBXGroup;
			children = (
				D56FD4291AFF20EC00C23C5F /* Default-568h@2x.png */,
				D56FD42A1AFF20EC00C23C5F /* Default-667h@2x.png */,
				D56FD42B1AFF20EC00C23C5F /* Default-736h@3x.png */,
			);
			path = Defaults;
			sourceTree = "<group>";
		};
		D56FD42C1AFF20EC00C23C5F /* Fonts */ = {
			isa = PBXGroup;
			children = (
				D56FD42D1AFF20EC00C23C5F /* misaki_gothic.ttf */,
				D56FD45B1AFF450B00C23C5F /* TanukiMagic.ttf */,
			);
			path = Fonts;
			sourceTree = "<group>";
		};
		D56FD42E1AFF20EC00C23C5F /* Images */ = {
			isa = PBXGroup;
			children = (
				D56FD4601AFF4B8D00C23C5F /* 14378220.jpeg */,
				D56FD4591AFF448400C23C5F /* haii.png */,
				D56FD4571AFF440C00C23C5F /* tyairo.png */,
				D56FD4621AFF4D0100C23C5F /* kinoko.png */,
				D56FD4511AFF3A8E00C23C5F /* masyumaro_p.png */,
				D56FD42F1AFF20EC00C23C5F /* battlebg.png */,
				D56FD4301AFF20EC00C23C5F /* bgimage.jpg */,
				D56FD4311AFF20EC00C23C5F /* falcon.png */,
				D56FD4531AFF3F2000C23C5F /* ぼたん.png */,
				D56FD45E1AFF4A3800C23C5F /* xl_pt_02251.jpg */,
				D56FD45C1AFF487300C23C5F /* xl_pt_02250.jpg */,
				D56FD4321AFF20EC00C23C5F /* gold_button.png */,
				D56FD4331AFF20EC00C23C5F /* lobby.png */,
				D56FD4341AFF20EC00C23C5F /* waku.png */,
			);
			path = Images;
			sourceTree = "<group>";
		};
		D56FD4351AFF20EC00C23C5F /* Models */ = {
			isa = PBXGroup;
			children = (
				D56FD4361AFF20EC00C23C5F /* Enemy.swift */,
				D56FD4371AFF20EC00C23C5F /* Player.swift */,
				D56FD4381AFF20EC00C23C5F /* TechDraUtility.swift */,
			);
			path = Models;
			sourceTree = "<group>";
		};
		D56FD4391AFF20EC00C23C5F /* Sounds */ = {
			isa = PBXGroup;
			children = (
				D56FD4651AFF4E5D00C23C5F /* AM3.mp3 */,
				D56FD43A1AFF20EC00C23C5F /* BGM_battle001.mp3 */,
				D56FD43B1AFF20EC00C23C5F /* lobby.mp3 */,
				D56FD43C1AFF20EC00C23C5F /* SE_attack.mp3 */,
				D56FD43D1AFF20EC00C23C5F /* SE_fanfare.mp3 */,
				D56FD43E1AFF20EC00C23C5F /* SE_gameover.mp3 */,
			);
			path = Sounds;
			sourceTree = "<group>";
		};
		D5BD70561ADA834B008E4E8D = {
			isa = PBXGroup;
			children = (
				D5BD70611ADA834C008E4E8D /* TechMonster */,
				D5BD70771ADA834C008E4E8D /* TechMonsterTests */,
				D5BD70601ADA834C008E4E8D /* Products */,
				D56FD4271AFF20EC00C23C5F /* TechMon_Resources */,
			);
			sourceTree = "<group>";
		};
		D5BD70601ADA834C008E4E8D /* Products */ = {
			isa = PBXGroup;
			children = (
				D5BD705F1ADA834C008E4E8D /* TechMonster.app */,
				D5BD70741ADA834C008E4E8D /* TechMonsterTests.xctest */,
			);
			name = Products;
			sourceTree = "<group>";
		};
		D5BD70611ADA834C008E4E8D /* TechMonster */ = {
			isa = PBXGroup;
			children = (
				D5BD70641ADA834C008E4E8D /* AppDelegate.swift */,
				D5BD70661ADA834C008E4E8D /* ViewController.swift */,
				D5C7D4D21AFEFB5B0037F8E4 /* LobbyViewController.swift */,
				D5BD70681ADA834C008E4E8D /* Main.storyboard */,
				D5BD706B1ADA834C008E4E8D /* Images.xcassets */,
				D5BD706D1ADA834C008E4E8D /* LaunchScreen.xib */,
				D5BD70621ADA834C008E4E8D /* Supporting Files */,
			);
			path = TechMonster;
			sourceTree = "<group>";
		};
		D5BD70621ADA834C008E4E8D /* Supporting Files */ = {
			isa = PBXGroup;
			children = (
				D5BD70631ADA834C008E4E8D /* Info.plist */,
			);
			name = "Supporting Files";
			sourceTree = "<group>";
		};
		D5BD70771ADA834C008E4E8D /* TechMonsterTests */ = {
			isa = PBXGroup;
			children = (
				D5BD707A1ADA834C008E4E8D /* TechMonsterTests.swift */,
				D5BD70781ADA834C008E4E8D /* Supporting Files */,
			);
			path = TechMonsterTests;
			sourceTree = "<group>";
		};
		D5BD70781ADA834C008E4E8D /* Supporting Files */ = {
			isa = PBXGroup;
			children = (
				D5BD70791ADA834C008E4E8D /* Info.plist */,
			);
			name = "Supporting Files";
			sourceTree = "<group>";
		};
/* End PBXGroup section */

/* Begin PBXNativeTarget section */
		D5BD705E1ADA834C008E4E8D /* TechMonster */ = {
			isa = PBXNativeTarget;
			buildConfigurationList = D5BD707E1ADA834C008E4E8D /* Build configuration list for PBXNativeTarget "TechMonster" */;
			buildPhases = (
				D5BD705B1ADA834C008E4E8D /* Sources */,
				D5BD705C1ADA834C008E4E8D /* Frameworks */,
				D5BD705D1ADA834C008E4E8D /* Resources */,
			);
			buildRules = (
			);
			dependencies = (
			);
			name = TechMonster;
			productName = TechMonster;
			productReference = D5BD705F1ADA834C008E4E8D /* TechMonster.app */;
			productType = "com.apple.product-type.application";
		};
		D5BD70731ADA834C008E4E8D /* TechMonsterTests */ = {
			isa = PBXNativeTarget;
			buildConfigurationList = D5BD70811ADA834C008E4E8D /* Build configuration list for PBXNativeTarget "TechMonsterTests" */;
			buildPhases = (
				D5BD70701ADA834C008E4E8D /* Sources */,
				D5BD70711ADA834C008E4E8D /* Frameworks */,
				D5BD70721ADA834C008E4E8D /* Resources */,
			);
			buildRules = (
			);
			dependencies = (
				D5BD70761ADA834C008E4E8D /* PBXTargetDependency */,
			);
			name = TechMonsterTests;
			productName = TechMonsterTests;
			productReference = D5BD70741ADA834C008E4E8D /* TechMonsterTests.xctest */;
			productType = "com.apple.product-type.bundle.unit-test";
		};
/* End PBXNativeTarget section */

/* Begin PBXProject section */
		D5BD70571ADA834B008E4E8D /* Project object */ = {
			isa = PBXProject;
			attributes = {
				LastUpgradeCheck = 0630;
				ORGANIZATIONNAME = ManaNishimura;
				TargetAttributes = {
					D5BD705E1ADA834C008E4E8D = {
						CreatedOnToolsVersion = 6.3;
					};
					D5BD70731ADA834C008E4E8D = {
						CreatedOnToolsVersion = 6.3;
						TestTargetID = D5BD705E1ADA834C008E4E8D;
					};
				};
			};
			buildConfigurationList = D5BD705A1ADA834B008E4E8D /* Build configuration list for PBXProject "TechMonster" */;
			compatibilityVersion = "Xcode 3.2";
			developmentRegion = English;
			hasScannedForEncodings = 0;
			knownRegions = (
				en,
				Base,
			);
			mainGroup = D5BD70561ADA834B008E4E8D;
			productRefGroup = D5BD70601ADA834C008E4E8D /* Products */;
			projectDirPath = "";
			projectRoot = "";
			targets = (
				D5BD705E1ADA834C008E4E8D /* TechMonster */,
				D5BD70731ADA834C008E4E8D /* TechMonsterTests */,
			);
		};
/* End PBXProject section */

/* Begin PBXResourcesBuildPhase section */
		D5BD705D1ADA834C008E4E8D /* Resources */ = {
			isa = PBXResourcesBuildPhase;
			buildActionMask = 2147483647;
			files = (
				D56FD4641AFF4DFE00C23C5F /* TanukiMagic.ttf in Resources */,
				D56FD4481AFF20EC00C23C5F /* waku.png in Resources */,
				D56FD4631AFF4D0100C23C5F /* kinoko.png in Resources */,
				D56FD44F1AFF20EC00C23C5F /* SE_fanfare.mp3 in Resources */,
				D5BD706A1ADA834C008E4E8D /* Main.storyboard in Resources */,
				D56FD4461AFF20EC00C23C5F /* gold_button.png in Resources */,
				D56FD45A1AFF448400C23C5F /* haii.png in Resources */,
				D56FD44C1AFF20EC00C23C5F /* BGM_battle001.mp3 in Resources */,
				D56FD44D1AFF20EC00C23C5F /* lobby.mp3 in Resources */,
				D56FD4521AFF3A8E00C23C5F /* masyumaro_p.png in Resources */,
				D56FD4421AFF20EC00C23C5F /* misaki_gothic.ttf in Resources */,
				D56FD4581AFF440C00C23C5F /* tyairo.png in Resources */,
				D56FD43F1AFF20EC00C23C5F /* Default-568h@2x.png in Resources */,
				D56FD4471AFF20EC00C23C5F /* lobby.png in Resources */,
				D56FD45D1AFF487300C23C5F /* xl_pt_02250.jpg in Resources */,
				D5BD706F1ADA834C008E4E8D /* LaunchScreen.xib in Resources */,
				D56FD4431AFF20EC00C23C5F /* battlebg.png in Resources */,
				D56FD44E1AFF20EC00C23C5F /* SE_attack.mp3 in Resources */,
				D56FD4661AFF4E5D00C23C5F /* AM3.mp3 in Resources */,
				D56FD4501AFF20EC00C23C5F /* SE_gameover.mp3 in Resources */,
				D5BD706C1ADA834C008E4E8D /* Images.xcassets in Resources */,
				D56FD4441AFF20EC00C23C5F /* bgimage.jpg in Resources */,
				D56FD4401AFF20EC00C23C5F /* Default-667h@2x.png in Resources */,
				D56FD45F1AFF4A3800C23C5F /* xl_pt_02251.jpg in Resources */,
				D56FD4611AFF4B8D00C23C5F /* 14378220.jpeg in Resources */,
				D56FD4541AFF3F2000C23C5F /* ぼたん.png in Resources */,
				D56FD4451AFF20EC00C23C5F /* falcon.png in Resources */,
				D56FD4411AFF20EC00C23C5F /* Default-736h@3x.png in Resources */,
			);
			runOnlyForDeploymentPostprocessing = 0;
		};
		D5BD70721ADA834C008E4E8D /* Resources */ = {
			isa = PBXResourcesBuildPhase;
			buildActionMask = 2147483647;
			files = (
			);
			runOnlyForDeploymentPostprocessing = 0;
		};
/* End PBXResourcesBuildPhase section */

/* Begin PBXSourcesBuildPhase section */
		D5BD705B1ADA834C008E4E8D /* Sources */ = {
			isa = PBXSourcesBuildPhase;
			buildActionMask = 2147483647;
			files = (
				D56FD4491AFF20EC00C23C5F /* Enemy.swift in Sources */,
				D5C7D4D31AFEFB5B0037F8E4 /* LobbyViewController.swift in Sources */,
				D56FD44B1AFF20EC00C23C5F /* TechDraUtility.swift in Sources */,
				D5BD70671ADA834C008E4E8D /* ViewController.swift in Sources */,
				D56FD44A1AFF20EC00C23C5F /* Player.swift in Sources */,
				D5BD70651ADA834C008E4E8D /* AppDelegate.swift in Sources */,
			);
			runOnlyForDeploymentPostprocessing = 0;
		};
		D5BD70701ADA834C008E4E8D /* Sources */ = {
			isa = PBXSourcesBuildPhase;
			buildActionMask = 2147483647;
			files = (
				D5BD707B1ADA834C008E4E8D /* TechMonsterTests.swift in Sources */,
			);
			runOnlyForDeploymentPostprocessing = 0;
		};
/* End PBXSourcesBuildPhase section */

/* Begin PBXTargetDependency section */
		D5BD70761ADA834C008E4E8D /* PBXTargetDependency */ = {
			isa = PBXTargetDependency;
			target = D5BD705E1ADA834C008E4E8D /* TechMonster */;
			targetProxy = D5BD70751ADA834C008E4E8D /* PBXContainerItemProxy */;
		};
/* End PBXTargetDependency section */

/* Begin PBXVariantGroup section */
		D5BD70681ADA834C008E4E8D /* Main.storyboard */ = {
			isa = PBXVariantGroup;
			children = (
				D5BD70691ADA834C008E4E8D /* Base */,
			);
			name = Main.storyboard;
			sourceTree = "<group>";
		};
		D5BD706D1ADA834C008E4E8D /* LaunchScreen.xib */ = {
			isa = PBXVariantGroup;
			children = (
				D5BD706E1ADA834C008E4E8D /* Base */,
			);
			name = LaunchScreen.xib;
			sourceTree = "<group>";
		};
/* End PBXVariantGroup section */

/* Begin XCBuildConfiguration section */
		D5BD707C1ADA834C008E4E8D /* Debug */ = {
			isa = XCBuildConfiguration;
			buildSettings = {
				ALWAYS_SEARCH_USER_PATHS = NO;
				CLANG_CXX_LANGUAGE_STANDARD = "gnu++0x";
				CLANG_CXX_LIBRARY = "libc++";
				CLANG_ENABLE_MODULES = YES;
				CLANG_ENABLE_OBJC_ARC = YES;
				CLANG_WARN_BOOL_CONVERSION = YES;
				CLANG_WARN_CONSTANT_CONVERSION = YES;
				CLANG_WARN_DIRECT_OBJC_ISA_USAGE = YES_ERROR;
				CLANG_WARN_EMPTY_BODY = YES;
				CLANG_WARN_ENUM_CONVERSION = YES;
				CLANG_WARN_INT_CONVERSION = YES;
				CLANG_WARN_OBJC_ROOT_CLASS = YES_ERROR;
				CLANG_WARN_UNREACHABLE_CODE = YES;
				CLANG_WARN__DUPLICATE_METHOD_MATCH = YES;
				"CODE_SIGN_IDENTITY[sdk=iphoneos*]" = "iPhone Developer";
				COPY_PHASE_STRIP = NO;
				DEBUG_INFORMATION_FORMAT = "dwarf-with-dsym";
				ENABLE_STRICT_OBJC_MSGSEND = YES;
				GCC_C_LANGUAGE_STANDARD = gnu99;
				GCC_DYNAMIC_NO_PIC = NO;
				GCC_NO_COMMON_BLOCKS = YES;
				GCC_OPTIMIZATION_LEVEL = 0;
				GCC_PREPROCESSOR_DEFINITIONS = (
					"DEBUG=1",
					"$(inherited)",
				);
				GCC_SYMBOLS_PRIVATE_EXTERN = NO;
				GCC_WARN_64_TO_32_BIT_CONVERSION = YES;
				GCC_WARN_ABOUT_RETURN_TYPE = YES_ERROR;
				GCC_WARN_UNDECLARED_SELECTOR = YES;
				GCC_WARN_UNINITIALIZED_AUTOS = YES_AGGRESSIVE;
				GCC_WARN_UNUSED_FUNCTION = YES;
				GCC_WARN_UNUSED_VARIABLE = YES;
				IPHONEOS_DEPLOYMENT_TARGET = 8.3;
				MTL_ENABLE_DEBUG_INFO = YES;
				ONLY_ACTIVE_ARCH = YES;
				SDKROOT = iphoneos;
				SWIFT_OPTIMIZATION_LEVEL = "-Onone";
			};
			name = Debug;
		};
		D5BD707D1ADA834C008E4E8D /* Release */ = {
			isa = XCBuildConfiguration;
			buildSettings = {
				ALWAYS_SEARCH_USER_PATHS = NO;
				CLANG_CXX_LANGUAGE_STANDARD = "gnu++0x";
				CLANG_CXX_LIBRARY = "libc++";
				CLANG_ENABLE_MODULES = YES;
				CLANG_ENABLE_OBJC_ARC = YES;
				CLANG_WARN_BOOL_CONVERSION = YES;
				CLANG_WARN_CONSTANT_CONVERSION = YES;
				CLANG_WARN_DIRECT_OBJC_ISA_USAGE = YES_ERROR;
				CLANG_WARN_EMPTY_BODY = YES;
				CLANG_WARN_ENUM_CONVERSION = YES;
				CLANG_WARN_INT_CONVERSION = YES;
				CLANG_WARN_OBJC_ROOT_CLASS = YES_ERROR;
				CLANG_WARN_UNREACHABLE_CODE = YES;
				CLANG_WARN__DUPLICATE_METHOD_MATCH = YES;
				"CODE_SIGN_IDENTITY[sdk=iphoneos*]" = "iPhone Developer";
				COPY_PHASE_STRIP = NO;
				DEBUG_INFORMATION_FORMAT = "dwarf-with-dsym";
				ENABLE_NS_ASSERTIONS = NO;
				ENABLE_STRICT_OBJC_MSGSEND = YES;
				GCC_C_LANGUAGE_STANDARD = gnu99;
				GCC_NO_COMMON_BLOCKS = YES;
				GCC_WARN_64_TO_32_BIT_CONVERSION = YES;
				GCC_WARN_ABOUT_RETURN_TYPE = YES_ERROR;
				GCC_WARN_UNDECLARED_SELECTOR = YES;
				GCC_WARN_UNINITIALIZED_AUTOS = YES_AGGRESSIVE;
				GCC_WARN_UNUSED_FUNCTION = YES;
				GCC_WARN_UNUSED_VARIABLE = YES;
				IPHONEOS_DEPLOYMENT_TARGET = 8.3;
				MTL_ENABLE_DEBUG_INFO = NO;
				SDKROOT = iphoneos;
				VALIDATE_PRODUCT = YES;
			};
			name = Release;
		};
		D5BD707F1ADA834C008E4E8D /* Debug */ = {
			isa = XCBuildConfiguration;
			buildSettings = {
				ASSETCATALOG_COMPILER_APPICON_NAME = AppIcon;
				INFOPLIST_FILE = TechMonster/Info.plist;
				IPHONEOS_DEPLOYMENT_TARGET = 7.0;
				LD_RUNPATH_SEARCH_PATHS = "$(inherited) @executable_path/Frameworks";
				PRODUCT_NAME = "$(TARGET_NAME)";
			};
			name = Debug;
		};
		D5BD70801ADA834C008E4E8D /* Release */ = {
			isa = XCBuildConfiguration;
			buildSettings = {
				ASSETCATALOG_COMPILER_APPICON_NAME = AppIcon;
				INFOPLIST_FILE = TechMonster/Info.plist;
				IPHONEOS_DEPLOYMENT_TARGET = 7.0;
				LD_RUNPATH_SEARCH_PATHS = "$(inherited) @executable_path/Frameworks";
				PRODUCT_NAME = "$(TARGET_NAME)";
			};
			name = Release;
		};
		D5BD70821ADA834C008E4E8D /* Debug */ = {
			isa = XCBuildConfiguration;
			buildSettings = {
				BUNDLE_LOADER = "$(TEST_HOST)";
				FRAMEWORK_SEARCH_PATHS = (
					"$(SDKROOT)/Developer/Library/Frameworks",
					"$(inherited)",
				);
				GCC_PREPROCESSOR_DEFINITIONS = (
					"DEBUG=1",
					"$(inherited)",
				);
				INFOPLIST_FILE = TechMonsterTests/Info.plist;
				LD_RUNPATH_SEARCH_PATHS = "$(inherited) @executable_path/Frameworks @loader_path/Frameworks";
				PRODUCT_NAME = "$(TARGET_NAME)";
				TEST_HOST = "$(BUILT_PRODUCTS_DIR)/TechMonster.app/TechMonster";
			};
			name = Debug;
		};
		D5BD70831ADA834C008E4E8D /* Release */ = {
			isa = XCBuildConfiguration;
			buildSettings = {
				BUNDLE_LOADER = "$(TEST_HOST)";
				FRAMEWORK_SEARCH_PATHS = (
					"$(SDKROOT)/Developer/Library/Frameworks",
					"$(inherited)",
				);
				INFOPLIST_FILE = TechMonsterTests/Info.plist;
				LD_RUNPATH_SEARCH_PATHS = "$(inherited) @executable_path/Frameworks @loader_path/Frameworks";
				PRODUCT_NAME = "$(TARGET_NAME)";
				TEST_HOST = "$(BUILT_PRODUCTS_DIR)/TechMonster.app/TechMonster";
			};
			name = Release;
		};
/* End XCBuildConfiguration section */

/* Begin XCConfigurationList section */
		D5BD705A1ADA834B008E4E8D /* Build configuration list for PBXProject "TechMonster" */ = {
			isa = XCConfigurationList;
			buildConfigurations = (
				D5BD707C1ADA834C008E4E8D /* Debug */,
				D5BD707D1ADA834C008E4E8D /* Release */,
			);
			defaultConfigurationIsVisible = 0;
			defaultConfigurationName = Release;
		};
		D5BD707E1ADA834C008E4E8D /* Build configuration list for PBXNativeTarget "TechMonster" */ = {
			isa = XCConfigurationList;
			buildConfigurations = (
				D5BD707F1ADA834C008E4E8D /* Debug */,
				D5BD70801ADA834C008E4E8D /* Release */,
			);
			defaultConfigurationIsVisible = 0;
			defaultConfigurationName = Release;
		};
		D5BD70811ADA834C008E4E8D /* Build configuration list for PBXNativeTarget "TechMonsterTests" */ = {
			isa = XCConfigurationList;
			buildConfigurations = (
				D5BD70821ADA834C008E4E8D /* Debug */,
				D5BD70831ADA834C008E4E8D /* Release */,
			);
			defaultConfigurationIsVisible = 0;
			defaultConfigurationName = Release;
		};
/* End XCConfigurationList section */
	};
	rootObject = D5BD70571ADA834B008E4E8D /* Project object */;
}
